// !$*UTF8*$!
{
	archiveVersion = 1;
	classes = {
	};
	objectVersion = 55;
	objects = {

/* Begin PBXBuildFile section */
		50FCEA00274BBD0F00ADE605 /* AppDelegate.swift in Sources */ = {isa = PBXBuildFile; fileRef = 50FCE9FF274BBD0F00ADE605 /* AppDelegate.swift */; };
		50FCEA09274BBD1100ADE605 /* Assets.xcassets in Resources */ = {isa = PBXBuildFile; fileRef = 50FCEA08274BBD1100ADE605 /* Assets.xcassets */; };
		50FCEA0C274BBD1100ADE605 /* LaunchScreen.storyboard in Resources */ = {isa = PBXBuildFile; fileRef = 50FCEA0A274BBD1100ADE605 /* LaunchScreen.storyboard */; };
		50FCEA17274BBD1100ADE605 /* PassportAppTests.swift in Sources */ = {isa = PBXBuildFile; fileRef = 50FCEA16274BBD1100ADE605 /* PassportAppTests.swift */; };
		50FCEA21274BBD1100ADE605 /* PassportAppUITests.swift in Sources */ = {isa = PBXBuildFile; fileRef = 50FCEA20274BBD1100ADE605 /* PassportAppUITests.swift */; };
		50FCEA23274BBD1100ADE605 /* PassportAppUITestsLaunchTests.swift in Sources */ = {isa = PBXBuildFile; fileRef = 50FCEA22274BBD1100ADE605 /* PassportAppUITestsLaunchTests.swift */; };
		50FCEA31274BBD4B00ADE605 /* AddInfoViewController.swift in Sources */ = {isa = PBXBuildFile; fileRef = 50FCEA30274BBD4B00ADE605 /* AddInfoViewController.swift */; };
		50FCEA34274BBE4500ADE605 /* UIStackView+Ext.swift in Sources */ = {isa = PBXBuildFile; fileRef = 50FCEA33274BBE4500ADE605 /* UIStackView+Ext.swift */; };
		50FCEA37274BCBDD00ADE605 /* ChildTableViewCell.swift in Sources */ = {isa = PBXBuildFile; fileRef = 50FCEA36274BCBDD00ADE605 /* ChildTableViewCell.swift */; };
		50FCEA3B274E4FAB00ADE605 /* UIViewController+Ext.swift in Sources */ = {isa = PBXBuildFile; fileRef = 50FCEA3A274E4FAB00ADE605 /* UIViewController+Ext.swift */; };
		50FCEA3F274E831700ADE605 /* UIView+ext.swift in Sources */ = {isa = PBXBuildFile; fileRef = 50FCEA3E274E831700ADE605 /* UIView+ext.swift */; };
		50FCEA97275121F500ADE605 /* DeleteButtonProtocol.swift in Sources */ = {isa = PBXBuildFile; fileRef = 50FCEA96275121F500ADE605 /* DeleteButtonProtocol.swift */; };
/* End PBXBuildFile section */

/* Begin PBXContainerItemProxy section */
		50FCEA13274BBD1100ADE605 /* PBXContainerItemProxy */ = {
			isa = PBXContainerItemProxy;
			containerPortal = 50FCE9F4274BBD0F00ADE605 /* Project object */;
			proxyType = 1;
			remoteGlobalIDString = 50FCE9FB274BBD0F00ADE605;
			remoteInfo = PassportApp;
		};
		50FCEA1D274BBD1100ADE605 /* PBXContainerItemProxy */ = {
			isa = PBXContainerItemProxy;
			containerPortal = 50FCE9F4274BBD0F00ADE605 /* Project object */;
			proxyType = 1;
			remoteGlobalIDString = 50FCE9FB274BBD0F00ADE605;
			remoteInfo = PassportApp;
		};
/* End PBXContainerItemProxy section */

/* Begin PBXFileReference section */
		50FCE9FC274BBD0F00ADE605 /* PassportApp.app */ = {isa = PBXFileReference; explicitFileType = wrapper.application; includeInIndex = 0; path = PassportApp.app; sourceTree = BUILT_PRODUCTS_DIR; };
		50FCE9FF274BBD0F00ADE605 /* AppDelegate.swift */ = {isa = PBXFileReference; lastKnownFileType = sourcecode.swift; path = AppDelegate.swift; sourceTree = "<group>"; };
		50FCEA08274BBD1100ADE605 /* Assets.xcassets */ = {isa = PBXFileReference; lastKnownFileType = folder.assetcatalog; path = Assets.xcassets; sourceTree = "<group>"; };
		50FCEA0B274BBD1100ADE605 /* Base */ = {isa = PBXFileReference; lastKnownFileType = file.storyboard; name = Base; path = Base.lproj/LaunchScreen.storyboard; sourceTree = "<group>"; };
		50FCEA0D274BBD1100ADE605 /* Info.plist */ = {isa = PBXFileReference; lastKnownFileType = text.plist.xml; path = Info.plist; sourceTree = "<group>"; };
		50FCEA12274BBD1100ADE605 /* PassportAppTests.xctest */ = {isa = PBXFileReference; explicitFileType = wrapper.cfbundle; includeInIndex = 0; path = PassportAppTests.xctest; sourceTree = BUILT_PRODUCTS_DIR; };
		50FCEA16274BBD1100ADE605 /* PassportAppTests.swift */ = {isa = PBXFileReference; lastKnownFileType = sourcecode.swift; path = PassportAppTests.swift; sourceTree = "<group>"; };
		50FCEA1C274BBD1100ADE605 /* PassportAppUITests.xctest */ = {isa = PBXFileReference; explicitFileType = wrapper.cfbundle; includeInIndex = 0; path = PassportAppUITests.xctest; sourceTree = BUILT_PRODUCTS_DIR; };
		50FCEA20274BBD1100ADE605 /* PassportAppUITests.swift */ = {isa = PBXFileReference; lastKnownFileType = sourcecode.swift; path = PassportAppUITests.swift; sourceTree = "<group>"; };
		50FCEA22274BBD1100ADE605 /* PassportAppUITestsLaunchTests.swift */ = {isa = PBXFileReference; lastKnownFileType = sourcecode.swift; path = PassportAppUITestsLaunchTests.swift; sourceTree = "<group>"; };
		50FCEA30274BBD4B00ADE605 /* AddInfoViewController.swift */ = {isa = PBXFileReference; lastKnownFileType = sourcecode.swift; path = AddInfoViewController.swift; sourceTree = "<group>"; };
		50FCEA33274BBE4500ADE605 /* UIStackView+Ext.swift */ = {isa = PBXFileReference; lastKnownFileType = sourcecode.swift; path = "UIStackView+Ext.swift"; sourceTree = "<group>"; };
		50FCEA36274BCBDD00ADE605 /* ChildTableViewCell.swift */ = {isa = PBXFileReference; lastKnownFileType = sourcecode.swift; path = ChildTableViewCell.swift; sourceTree = "<group>"; };
		50FCEA3A274E4FAB00ADE605 /* UIViewController+Ext.swift */ = {isa = PBXFileReference; lastKnownFileType = sourcecode.swift; path = "UIViewController+Ext.swift"; sourceTree = "<group>"; };
		50FCEA3E274E831700ADE605 /* UIView+ext.swift */ = {isa = PBXFileReference; lastKnownFileType = sourcecode.swift; path = "UIView+ext.swift"; sourceTree = "<group>"; };
		50FCEA96275121F500ADE605 /* DeleteButtonProtocol.swift */ = {isa = PBXFileReference; lastKnownFileType = sourcecode.swift; path = DeleteButtonProtocol.swift; sourceTree = "<group>"; };
/* End PBXFileReference section */

/* Begin PBXFrameworksBuildPhase section */
		50FCE9F9274BBD0F00ADE605 /* Frameworks */ = {
			isa = PBXFrameworksBuildPhase;
			buildActionMask = 2147483647;
			files = (
			);
			runOnlyForDeploymentPostprocessing = 0;
		};
		50FCEA0F274BBD1100ADE605 /* Frameworks */ = {
			isa = PBXFrameworksBuildPhase;
			buildActionMask = 2147483647;
			files = (
			);
			runOnlyForDeploymentPostprocessing = 0;
		};
		50FCEA19274BBD1100ADE605 /* Frameworks */ = {
			isa = PBXFrameworksBuildPhase;
			buildActionMask = 2147483647;
			files = (
			);
			runOnlyForDeploymentPostprocessing = 0;
		};
/* End PBXFrameworksBuildPhase section */

/* Begin PBXGroup section */
		50FCE9F3274BBD0F00ADE605 = {
			isa = PBXGroup;
			children = (
				50FCE9FE274BBD0F00ADE605 /* PassportApp */,
				50FCEA15274BBD1100ADE605 /* PassportAppTests */,
				50FCEA1F274BBD1100ADE605 /* PassportAppUITests */,
				50FCE9FD274BBD0F00ADE605 /* Products */,
			);
			sourceTree = "<group>";
		};
		50FCE9FD274BBD0F00ADE605 /* Products */ = {
			isa = PBXGroup;
			children = (
				50FCE9FC274BBD0F00ADE605 /* PassportApp.app */,
				50FCEA12274BBD1100ADE605 /* PassportAppTests.xctest */,
				50FCEA1C274BBD1100ADE605 /* PassportAppUITests.xctest */,
			);
			name = Products;
			sourceTree = "<group>";
		};
		50FCE9FE274BBD0F00ADE605 /* PassportApp */ = {
			isa = PBXGroup;
			children = (
				50FCEA95275121CF00ADE605 /* Protocols */,
				50FCEA35274BCBC400ADE605 /* Cells */,
				50FCEA32274BBE3400ADE605 /* Extensions */,
				50FCEA2F274BBD3A00ADE605 /* ViewControllers */,
				50FCE9FF274BBD0F00ADE605 /* AppDelegate.swift */,
				50FCEA08274BBD1100ADE605 /* Assets.xcassets */,
				50FCEA0A274BBD1100ADE605 /* LaunchScreen.storyboard */,
				50FCEA0D274BBD1100ADE605 /* Info.plist */,
			);
			path = PassportApp;
			sourceTree = "<group>";
		};
		50FCEA15274BBD1100ADE605 /* PassportAppTests */ = {
			isa = PBXGroup;
			children = (
				50FCEA16274BBD1100ADE605 /* PassportAppTests.swift */,
			);
			path = PassportAppTests;
			sourceTree = "<group>";
		};
		50FCEA1F274BBD1100ADE605 /* PassportAppUITests */ = {
			isa = PBXGroup;
			children = (
				50FCEA20274BBD1100ADE605 /* PassportAppUITests.swift */,
				50FCEA22274BBD1100ADE605 /* PassportAppUITestsLaunchTests.swift */,
			);
			path = PassportAppUITests;
			sourceTree = "<group>";
		};
		50FCEA2F274BBD3A00ADE605 /* ViewControllers */ = {
			isa = PBXGroup;
			children = (
				50FCEA30274BBD4B00ADE605 /* AddInfoViewController.swift */,
			);
			path = ViewControllers;
			sourceTree = "<group>";
		};
		50FCEA32274BBE3400ADE605 /* Extensions */ = {
			isa = PBXGroup;
			children = (
				50FCEA33274BBE4500ADE605 /* UIStackView+Ext.swift */,
				50FCEA3A274E4FAB00ADE605 /* UIViewController+Ext.swift */,
				50FCEA3E274E831700ADE605 /* UIView+ext.swift */,
			);
			path = Extensions;
			sourceTree = "<group>";
		};
		50FCEA35274BCBC400ADE605 /* Cells */ = {
			isa = PBXGroup;
			children = (
				50FCEA36274BCBDD00ADE605 /* ChildTableViewCell.swift */,
			);
			path = Cells;
			sourceTree = "<group>";
		};
		50FCEA95275121CF00ADE605 /* Protocols */ = {
			isa = PBXGroup;
			children = (
				50FCEA96275121F500ADE605 /* DeleteButtonProtocol.swift */,
			);
			path = Protocols;
			sourceTree = "<group>";
		};
/* End PBXGroup section */

/* Begin PBXNativeTarget section */
		50FCE9FB274BBD0F00ADE605 /* PassportApp */ = {
			isa = PBXNativeTarget;
			buildConfigurationList = 50FCEA26274BBD1100ADE605 /* Build configuration list for PBXNativeTarget "PassportApp" */;
			buildPhases = (
				50FCE9F8274BBD0F00ADE605 /* Sources */,
				50FCE9F9274BBD0F00ADE605 /* Frameworks */,
				50FCE9FA274BBD0F00ADE605 /* Resources */,
			);
			buildRules = (
			);
			dependencies = (
			);
			name = PassportApp;
			productName = PassportApp;
			productReference = 50FCE9FC274BBD0F00ADE605 /* PassportApp.app */;
			productType = "com.apple.product-type.application";
		};
		50FCEA11274BBD1100ADE605 /* PassportAppTests */ = {
			isa = PBXNativeTarget;
			buildConfigurationList = 50FCEA29274BBD1100ADE605 /* Build configuration list for PBXNativeTarget "PassportAppTests" */;
			buildPhases = (
				50FCEA0E274BBD1100ADE605 /* Sources */,
				50FCEA0F274BBD1100ADE605 /* Frameworks */,
				50FCEA10274BBD1100ADE605 /* Resources */,
			);
			buildRules = (
			);
			dependencies = (
				50FCEA14274BBD1100ADE605 /* PBXTargetDependency */,
			);
			name = PassportAppTests;
			productName = PassportAppTests;
			productReference = 50FCEA12274BBD1100ADE605 /* PassportAppTests.xctest */;
			productType = "com.apple.product-type.bundle.unit-test";
		};
		50FCEA1B274BBD1100ADE605 /* PassportAppUITests */ = {
			isa = PBXNativeTarget;
			buildConfigurationList = 50FCEA2C274BBD1100ADE605 /* Build configuration list for PBXNativeTarget "PassportAppUITests" */;
			buildPhases = (
				50FCEA18274BBD1100ADE605 /* Sources */,
				50FCEA19274BBD1100ADE605 /* Frameworks */,
				50FCEA1A274BBD1100ADE605 /* Resources */,
			);
			buildRules = (
			);
			dependencies = (
				50FCEA1E274BBD1100ADE605 /* PBXTargetDependency */,
			);
			name = PassportAppUITests;
			productName = PassportAppUITests;
			productReference = 50FCEA1C274BBD1100ADE605 /* PassportAppUITests.xctest */;
			productType = "com.apple.product-type.bundle.ui-testing";
		};
/* End PBXNativeTarget section */

/* Begin PBXProject section */
		50FCE9F4274BBD0F00ADE605 /* Project object */ = {
			isa = PBXProject;
			attributes = {
				BuildIndependentTargetsInParallel = 1;
				LastSwiftUpdateCheck = 1310;
				LastUpgradeCheck = 1310;
				TargetAttributes = {
					50FCE9FB274BBD0F00ADE605 = {
						CreatedOnToolsVersion = 13.1;
					};
					50FCEA11274BBD1100ADE605 = {
						CreatedOnToolsVersion = 13.1;
						TestTargetID = 50FCE9FB274BBD0F00ADE605;
					};
					50FCEA1B274BBD1100ADE605 = {
						CreatedOnToolsVersion = 13.1;
						TestTargetID = 50FCE9FB274BBD0F00ADE605;
					};
				};
			};
			buildConfigurationList = 50FCE9F7274BBD0F00ADE605 /* Build configuration list for PBXProject "PassportApp" */;
			compatibilityVersion = "Xcode 13.0";
			developmentRegion = en;
			hasScannedForEncodings = 0;
			knownRegions = (
				en,
				Base,
			);
			mainGroup = 50FCE9F3274BBD0F00ADE605;
			productRefGroup = 50FCE9FD274BBD0F00ADE605 /* Products */;
			projectDirPath = "";
			projectRoot = "";
			targets = (
				50FCE9FB274BBD0F00ADE605 /* PassportApp */,
				50FCEA11274BBD1100ADE605 /* PassportAppTests */,
				50FCEA1B274BBD1100ADE605 /* PassportAppUITests */,
			);
		};
/* End PBXProject section */

/* Begin PBXResourcesBuildPhase section */
		50FCE9FA274BBD0F00ADE605 /* Resources */ = {
			isa = PBXResourcesBuildPhase;
			buildActionMask = 2147483647;
			files = (
				50FCEA0C274BBD1100ADE605 /* LaunchScreen.storyboard in Resources */,
				50FCEA09274BBD1100ADE605 /* Assets.xcassets in Resources */,
			);
			runOnlyForDeploymentPostprocessing = 0;
		};
		50FCEA10274BBD1100ADE605 /* Resources */ = {
			isa = PBXResourcesBuildPhase;
			buildActionMask = 2147483647;
			files = (
			);
			runOnlyForDeploymentPostprocessing = 0;
		};
		50FCEA1A274BBD1100ADE605 /* Resources */ = {
			isa = PBXResourcesBuildPhase;
			buildActionMask = 2147483647;
			files = (
			);
			runOnlyForDeploymentPostprocessing = 0;
		};
/* End PBXResourcesBuildPhase section */

/* Begin PBXSourcesBuildPhase section */
		50FCE9F8274BBD0F00ADE605 /* Sources */ = {
			isa = PBXSourcesBuildPhase;
			buildActionMask = 2147483647;
			files = (
				50FCEA34274BBE4500ADE605 /* UIStackView+Ext.swift in Sources */,
				50FCEA3B274E4FAB00ADE605 /* UIViewController+Ext.swift in Sources */,
				50FCEA31274BBD4B00ADE605 /* AddInfoViewController.swift in Sources */,
				50FCEA37274BCBDD00ADE605 /* ChildTableViewCell.swift in Sources */,
				50FCEA3F274E831700ADE605 /* UIView+ext.swift in Sources */,
				50FCEA97275121F500ADE605 /* DeleteButtonProtocol.swift in Sources */,
				50FCEA00274BBD0F00ADE605 /* AppDelegate.swift in Sources */,
			);
			runOnlyForDeploymentPostprocessing = 0;
		};
		50FCEA0E274BBD1100ADE605 /* Sources */ = {
			isa = PBXSourcesBuildPhase;
			buildActionMask = 2147483647;
			files = (
				50FCEA17274BBD1100ADE605 /* PassportAppTests.swift in Sources */,
			);
			runOnlyForDeploymentPostprocessing = 0;
		};
		50FCEA18274BBD1100ADE605 /* Sources */ = {
			isa = PBXSourcesBuildPhase;
			buildActionMask = 2147483647;
			files = (
				50FCEA23274BBD1100ADE605 /* PassportAppUITestsLaunchTests.swift in Sources */,
				50FCEA21274BBD1100ADE605 /* PassportAppUITests.swift in Sources */,
			);
			runOnlyForDeploymentPostprocessing = 0;
		};
/* End PBXSourcesBuildPhase section */

/* Begin PBXTargetDependency section */
		50FCEA14274BBD1100ADE605 /* PBXTargetDependency */ = {
			isa = PBXTargetDependency;
			target = 50FCE9FB274BBD0F00ADE605 /* PassportApp */;
			targetProxy = 50FCEA13274BBD1100ADE605 /* PBXContainerItemProxy */;
		};
		50FCEA1E274BBD1100ADE605 /* PBXTargetDependency */ = {
			isa = PBXTargetDependency;
			target = 50FCE9FB274BBD0F00ADE605 /* PassportApp */;
			targetProxy = 50FCEA1D274BBD1100ADE605 /* PBXContainerItemProxy */;
		};
/* End PBXTargetDependency section */

/* Begin PBXVariantGroup section */
		50FCEA0A274BBD1100ADE605 /* LaunchScreen.storyboard */ = {
			isa = PBXVariantGroup;
			children = (
				50FCEA0B274BBD1100ADE605 /* Base */,
			);
			name = LaunchScreen.storyboard;
			sourceTree = "<group>";
		};
/* End PBXVariantGroup section */

/* Begin XCBuildConfiguration section */
		50FCEA24274BBD1100ADE605 /* Debug */ = {
			isa = XCBuildConfiguration;
			buildSettings = {
				ALWAYS_SEARCH_USER_PATHS = NO;
				CLANG_ANALYZER_NONNULL = YES;
				CLANG_ANALYZER_NUMBER_OBJECT_CONVERSION = YES_AGGRESSIVE;
				CLANG_CXX_LANGUAGE_STANDARD = "gnu++17";
				CLANG_CXX_LIBRARY = "libc++";
				CLANG_ENABLE_MODULES = YES;
				CLANG_ENABLE_OBJC_ARC = YES;
				CLANG_ENABLE_OBJC_WEAK = YES;
				CLANG_WARN_BLOCK_CAPTURE_AUTORELEASING = YES;
				CLANG_WARN_BOOL_CONVERSION = YES;
				CLANG_WARN_COMMA = YES;
				CLANG_WARN_CONSTANT_CONVERSION = YES;
				CLANG_WARN_DEPRECATED_OBJC_IMPLEMENTATIONS = YES;
				CLANG_WARN_DIRECT_OBJC_ISA_USAGE = YES_ERROR;
				CLANG_WARN_DOCUMENTATION_COMMENTS = YES;
				CLANG_WARN_EMPTY_BODY = YES;
				CLANG_WARN_ENUM_CONVERSION = YES;
				CLANG_WARN_INFINITE_RECURSION = YES;
				CLANG_WARN_INT_CONVERSION = YES;
				CLANG_WARN_NON_LITERAL_NULL_CONVERSION = YES;
				CLANG_WARN_OBJC_IMPLICIT_RETAIN_SELF = YES;
				CLANG_WARN_OBJC_LITERAL_CONVERSION = YES;
				CLANG_WARN_OBJC_ROOT_CLASS = YES_ERROR;
				CLANG_WARN_QUOTED_INCLUDE_IN_FRAMEWORK_HEADER = YES;
				CLANG_WARN_RANGE_LOOP_ANALYSIS = YES;
				CLANG_WARN_STRICT_PROTOTYPES = YES;
				CLANG_WARN_SUSPICIOUS_MOVE = YES;
				CLANG_WARN_UNGUARDED_AVAILABILITY = YES_AGGRESSIVE;
				CLANG_WARN_UNREACHABLE_CODE = YES;
				CLANG_WARN__DUPLICATE_METHOD_MATCH = YES;
				COPY_PHASE_STRIP = NO;
				DEBUG_INFORMATION_FORMAT = dwarf;
				ENABLE_STRICT_OBJC_MSGSEND = YES;
				ENABLE_TESTABILITY = YES;
				GCC_C_LANGUAGE_STANDARD = gnu11;
				GCC_DYNAMIC_NO_PIC = NO;
				GCC_NO_COMMON_BLOCKS = YES;
				GCC_OPTIMIZATION_LEVEL = 0;
				GCC_PREPROCESSOR_DEFINITIONS = (
					"DEBUG=1",
					"$(inherited)",
				);
				GCC_WARN_64_TO_32_BIT_CONVERSION = YES;
				GCC_WARN_ABOUT_RETURN_TYPE = YES_ERROR;
				GCC_WARN_UNDECLARED_SELECTOR = YES;
				GCC_WARN_UNINITIALIZED_AUTOS = YES_AGGRESSIVE;
				GCC_WARN_UNUSED_FUNCTION = YES;
				GCC_WARN_UNUSED_VARIABLE = YES;
				IPHONEOS_DEPLOYMENT_TARGET = 15.0;
				MTL_ENABLE_DEBUG_INFO = INCLUDE_SOURCE;
				MTL_FAST_MATH = YES;
				ONLY_ACTIVE_ARCH = YES;
				SDKROOT = iphoneos;
				SWIFT_ACTIVE_COMPILATION_CONDITIONS = DEBUG;
				SWIFT_OPTIMIZATION_LEVEL = "-Onone";
			};
			name = Debug;
		};
		50FCEA25274BBD1100ADE605 /* Release */ = {
			isa = XCBuildConfiguration;
			buildSettings = {
				ALWAYS_SEARCH_USER_PATHS = NO;
				CLANG_ANALYZER_NONNULL = YES;
				CLANG_ANALYZER_NUMBER_OBJECT_CONVERSION = YES_AGGRESSIVE;
				CLANG_CXX_LANGUAGE_STANDARD = "gnu++17";
				CLANG_CXX_LIBRARY = "libc++";
				CLANG_ENABLE_MODULES = YES;
				CLANG_ENABLE_OBJC_ARC = YES;
				CLANG_ENABLE_OBJC_WEAK = YES;
				CLANG_WARN_BLOCK_CAPTURE_AUTORELEASING = YES;
				CLANG_WARN_BOOL_CONVERSION = YES;
				CLANG_WARN_COMMA = YES;
				CLANG_WARN_CONSTANT_CONVERSION = YES;
				CLANG_WARN_DEPRECATED_OBJC_IMPLEMENTATIONS = YES;
				CLANG_WARN_DIRECT_OBJC_ISA_USAGE = YES_ERROR;
				CLANG_WARN_DOCUMENTATION_COMMENTS = YES;
				CLANG_WARN_EMPTY_BODY = YES;
				CLANG_WARN_ENUM_CONVERSION = YES;
				CLANG_WARN_INFINITE_RECURSION = YES;
				CLANG_WARN_INT_CONVERSION = YES;
				CLANG_WARN_NON_LITERAL_NULL_CONVERSION = YES;
				CLANG_WARN_OBJC_IMPLICIT_RETAIN_SELF = YES;
				CLANG_WARN_OBJC_LITERAL_CONVERSION = YES;
				CLANG_WARN_OBJC_ROOT_CLASS = YES_ERROR;
				CLANG_WARN_QUOTED_INCLUDE_IN_FRAMEWORK_HEADER = YES;
				CLANG_WARN_RANGE_LOOP_ANALYSIS = YES;
				CLANG_WARN_STRICT_PROTOTYPES = YES;
				CLANG_WARN_SUSPICIOUS_MOVE = YES;
				CLANG_WARN_UNGUARDED_AVAILABILITY = YES_AGGRESSIVE;
				CLANG_WARN_UNREACHABLE_CODE = YES;
				CLANG_WARN__DUPLICATE_METHOD_MATCH = YES;
				COPY_PHASE_STRIP = NO;
				DEBUG_INFORMATION_FORMAT = "dwarf-with-dsym";
				ENABLE_NS_ASSERTIONS = NO;
				ENABLE_STRICT_OBJC_MSGSEND = YES;
				GCC_C_LANGUAGE_STANDARD = gnu11;
				GCC_NO_COMMON_BLOCKS = YES;
				GCC_WARN_64_TO_32_BIT_CONVERSION = YES;
				GCC_WARN_ABOUT_RETURN_TYPE = YES_ERROR;
				GCC_WARN_UNDECLARED_SELECTOR = YES;
				GCC_WARN_UNINITIALIZED_AUTOS = YES_AGGRESSIVE;
				GCC_WARN_UNUSED_FUNCTION = YES;
				GCC_WARN_UNUSED_VARIABLE = YES;
				IPHONEOS_DEPLOYMENT_TARGET = 15.0;
				MTL_ENABLE_DEBUG_INFO = NO;
				MTL_FAST_MATH = YES;
				SDKROOT = iphoneos;
				SWIFT_COMPILATION_MODE = wholemodule;
				SWIFT_OPTIMIZATION_LEVEL = "-O";
				VALIDATE_PRODUCT = YES;
			};
			name = Release;
		};
		50FCEA27274BBD1100ADE605 /* Debug */ = {
			isa = XCBuildConfiguration;
			buildSettings = {
				ASSETCATALOG_COMPILER_APPICON_NAME = AppIcon;
				ASSETCATALOG_COMPILER_GLOBAL_ACCENT_COLOR_NAME = AccentColor;
				CODE_SIGN_STYLE = Automatic;
				CURRENT_PROJECT_VERSION = 1;
				DEVELOPMENT_TEAM = BX832Z4ZJ4;
				GENERATE_INFOPLIST_FILE = YES;
				INFOPLIST_FILE = PassportApp/Info.plist;
				INFOPLIST_KEY_UIApplicationSupportsIndirectInputEvents = YES;
				INFOPLIST_KEY_UILaunchStoryboardName = LaunchScreen;
				INFOPLIST_KEY_UISupportedInterfaceOrientations_iPad = "UIInterfaceOrientationPortrait UIInterfaceOrientationPortraitUpsideDown UIInterfaceOrientationLandscapeLeft UIInterfaceOrientationLandscapeRight";
				INFOPLIST_KEY_UISupportedInterfaceOrientations_iPhone = "UIInterfaceOrientationPortrait UIInterfaceOrientationLandscapeLeft UIInterfaceOrientationLandscapeRight";
				LD_RUNPATH_SEARCH_PATHS = (
					"$(inherited)",
					"@executable_path/Frameworks",
				);
				MARKETING_VERSION = 1.0;
				PRODUCT_BUNDLE_IDENTIFIER = befansy.PassportApp;
				PRODUCT_NAME = "$(TARGET_NAME)";
				SWIFT_EMIT_LOC_STRINGS = YES;
				SWIFT_VERSION = 5.0;
				TARGETED_DEVICE_FAMILY = "1,2";
			};
			name = Debug;
		};
		50FCEA28274BBD1100ADE605 /* Release */ = {
			isa = XCBuildConfiguration;
			buildSettings = {
				ASSETCATALOG_COMPILER_APPICON_NAME = AppIcon;
				ASSETCATALOG_COMPILER_GLOBAL_ACCENT_COLOR_NAME = AccentColor;
				CODE_SIGN_STYLE = Automatic;
				CURRENT_PROJECT_VERSION = 1;
				DEVELOPMENT_TEAM = BX832Z4ZJ4;
				GENERATE_INFOPLIST_FILE = YES;
				INFOPLIST_FILE = PassportApp/Info.plist;
				INFOPLIST_KEY_UIApplicationSupportsIndirectInputEvents = YES;
				INFOPLIST_KEY_UILaunchStoryboardName = LaunchScreen;
				INFOPLIST_KEY_UISupportedInterfaceOrientations_iPad = "UIInterfaceOrientationPortrait UIInterfaceOrientationPortraitUpsideDown UIInterfaceOrientationLandscapeLeft UIInterfaceOrientationLandscapeRight";
				INFOPLIST_KEY_UISupportedInterfaceOrientations_iPhone = "UIInterfaceOrientationPortrait UIInterfaceOrientationLandscapeLeft UIInterfaceOrientationLandscapeRight";
				LD_RUNPATH_SEARCH_PATHS = (
					"$(inherited)",
					"@executable_path/Frameworks",
				);
				MARKETING_VERSION = 1.0;
				PRODUCT_BUNDLE_IDENTIFIER = befansy.PassportApp;
				PRODUCT_NAME = "$(TARGET_NAME)";
				SWIFT_EMIT_LOC_STRINGS = YES;
				SWIFT_VERSION = 5.0;
				TARGETED_DEVICE_FAMILY = "1,2";
			};
			name = Release;
		};
		50FCEA2A274BBD1100ADE605 /* Debug */ = {
			isa = XCBuildConfiguration;
			buildSettings = {
				ALWAYS_EMBED_SWIFT_STANDARD_LIBRARIES = YES;
				BUNDLE_LOADER = "$(TEST_HOST)";
				CODE_SIGN_STYLE = Automatic;
				CURRENT_PROJECT_VERSION = 1;
				DEVELOPMENT_TEAM = BX832Z4ZJ4;
				GENERATE_INFOPLIST_FILE = YES;
				IPHONEOS_DEPLOYMENT_TARGET = 15.0;
				LD_RUNPATH_SEARCH_PATHS = (
					"$(inherited)",
					"@executable_path/Frameworks",
					"@loader_path/Frameworks",
				);
				MARKETING_VERSION = 1.0;
				PRODUCT_BUNDLE_IDENTIFIER = befansy.PassportAppTests;
				PRODUCT_NAME = "$(TARGET_NAME)";
				SWIFT_EMIT_LOC_STRINGS = NO;
				SWIFT_VERSION = 5.0;
				TARGETED_DEVICE_FAMILY = "1,2";
				TEST_HOST = "$(BUILT_PRODUCTS_DIR)/PassportApp.app/PassportApp";
			};
			name = Debug;
		};
		50FCEA2B274BBD1100ADE605 /* Release */ = {
			isa = XCBuildConfiguration;
			buildSettings = {
				ALWAYS_EMBED_SWIFT_STANDARD_LIBRARIES = YES;
				BUNDLE_LOADER = "$(TEST_HOST)";
				CODE_SIGN_STYLE = Automatic;
				CURRENT_PROJECT_VERSION = 1;
				DEVELOPMENT_TEAM = BX832Z4ZJ4;
				GENERATE_INFOPLIST_FILE = YES;
				IPHONEOS_DEPLOYMENT_TARGET = 15.0;
				LD_RUNPATH_SEARCH_PATHS = (
					"$(inherited)",
					"@executable_path/Frameworks",
					"@loader_path/Frameworks",
				);
				MARKETING_VERSION = 1.0;
				PRODUCT_BUNDLE_IDENTIFIER = befansy.PassportAppTests;
				PRODUCT_NAME = "$(TARGET_NAME)";
				SWIFT_EMIT_LOC_STRINGS = NO;
				SWIFT_VERSION = 5.0;
				TARGETED_DEVICE_FAMILY = "1,2";
				TEST_HOST = "$(BUILT_PRODUCTS_DIR)/PassportApp.app/PassportApp";
			};
			name = Release;
		};
		50FCEA2D274BBD1100ADE605 /* Debug */ = {
			isa = XCBuildConfiguration;
			buildSettings = {
				ALWAYS_EMBED_SWIFT_STANDARD_LIBRARIES = YES;
				CODE_SIGN_STYLE = Automatic;
				CURRENT_PROJECT_VERSION = 1;
				DEVELOPMENT_TEAM = BX832Z4ZJ4;
				GENERATE_INFOPLIST_FILE = YES;
				LD_RUNPATH_SEARCH_PATHS = (
					"$(inherited)",
					"@executable_path/Frameworks",
					"@loader_path/Frameworks",
				);
				MARKETING_VERSION = 1.0;
				PRODUCT_BUNDLE_IDENTIFIER = befansy.PassportAppUITests;
				PRODUCT_NAME = "$(TARGET_NAME)";
				SWIFT_EMIT_LOC_STRINGS = NO;
				SWIFT_VERSION = 5.0;
				TARGETED_DEVICE_FAMILY = "1,2";
				TEST_TARGET_NAME = PassportApp;
			};
			name = Debug;
		};
		50FCEA2E274BBD1100ADE605 /* Release */ = {
			isa = XCBuildConfiguration;
			buildSettings = {
				ALWAYS_EMBED_SWIFT_STANDARD_LIBRARIES = YES;
				CODE_SIGN_STYLE = Automatic;
				CURRENT_PROJECT_VERSION = 1;
				DEVELOPMENT_TEAM = BX832Z4ZJ4;
				GENERATE_INFOPLIST_FILE = YES;
				LD_RUNPATH_SEARCH_PATHS = (
					"$(inherited)",
					"@executable_path/Frameworks",
					"@loader_path/Frameworks",
				);
				MARKETING_VERSION = 1.0;
				PRODUCT_BUNDLE_IDENTIFIER = befansy.PassportAppUITests;
				PRODUCT_NAME = "$(TARGET_NAME)";
				SWIFT_EMIT_LOC_STRINGS = NO;
				SWIFT_VERSION = 5.0;
				TARGETED_DEVICE_FAMILY = "1,2";
				TEST_TARGET_NAME = PassportApp;
			};
			name = Release;
		};
/* End XCBuildConfiguration section */

/* Begin XCConfigurationList section */
		50FCE9F7274BBD0F00ADE605 /* Build configuration list for PBXProject "PassportApp" */ = {
			isa = XCConfigurationList;
			buildConfigurations = (
				50FCEA24274BBD1100ADE605 /* Debug */,
				50FCEA25274BBD1100ADE605 /* Release */,
			);
			defaultConfigurationIsVisible = 0;
			defaultConfigurationName = Release;
		};
		50FCEA26274BBD1100ADE605 /* Build configuration list for PBXNativeTarget "PassportApp" */ = {
			isa = XCConfigurationList;
			buildConfigurations = (
				50FCEA27274BBD1100ADE605 /* Debug */,
				50FCEA28274BBD1100ADE605 /* Release */,
			);
			defaultConfigurationIsVisible = 0;
			defaultConfigurationName = Release;
		};
		50FCEA29274BBD1100ADE605 /* Build configuration list for PBXNativeTarget "PassportAppTests" */ = {
			isa = XCConfigurationList;
			buildConfigurations = (
				50FCEA2A274BBD1100ADE605 /* Debug */,
				50FCEA2B274BBD1100ADE605 /* Release */,
			);
			defaultConfigurationIsVisible = 0;
			defaultConfigurationName = Release;
		};
		50FCEA2C274BBD1100ADE605 /* Build configuration list for PBXNativeTarget "PassportAppUITests" */ = {
			isa = XCConfigurationList;
			buildConfigurations = (
				50FCEA2D274BBD1100ADE605 /* Debug */,
				50FCEA2E274BBD1100ADE605 /* Release */,
			);
			defaultConfigurationIsVisible = 0;
			defaultConfigurationName = Release;
		};
/* End XCConfigurationList section */
	};
	rootObject = 50FCE9F4274BBD0F00ADE605 /* Project object */;
}
